
Microsoft Visual Studio Solution File, Format Version 12.00
# Visual Studio 15
VisualStudioVersion = 15.0.28307.271
MinimumVisualStudioVersion = 10.0.40219.1
Project("{9A19103F-16F7-4668-BE54-9A1E7A4F7556}") = "Vecc.LogCorrelation.Example.Source", "src\Vecc.LogCorrelation.Example.Source\Vecc.LogCorrelation.Example.Source.csproj", "{6E86104D-9E99-401E-9CE5-88621CB2E7D5}"
EndProject
Project("{FAE04EC0-301F-11D3-BF4B-00C04F79EFBC}") = "Vecc.LogCorrelation.Example.Target", "src\Vecc.LogCorrelation.Example.Target\Vecc.LogCorrelation.Example.Target.csproj", "{77CC9E23-ADBC-446E-8622-8DB2204BE19E}"
EndProject
Global
	GlobalSection(SolutionConfigurationPlatforms) = preSolution
		Debug|Any CPU = Debug|Any CPU
		Release|Any CPU = Release|Any CPU
	EndGlobalSection
	GlobalSection(ProjectConfigurationPlatforms) = postSolution
		{6E86104D-9E99-401E-9CE5-88621CB2E7D5}.Debug|Any CPU.ActiveCfg = Debug|Any CPU
		{6E86104D-9E99-401E-9CE5-88621CB2E7D5}.Debug|Any CPU.Build.0 = Debug|Any CPU
		{6E86104D-9E99-401E-9CE5-88621CB2E7D5}.Release|Any CPU.ActiveCfg = Release|Any CPU
		{6E86104D-9E99-401E-9CE5-88621CB2E7D5}.Release|Any CPU.Build.0 = Release|Any CPU
		{77CC9E23-ADBC-446E-8622-8DB2204BE19E}.Debug|Any CPU.ActiveCfg = Debug|Any CPU
		{77CC9E23-ADBC-446E-8622-8DB2204BE19E}.Debug|Any CPU.Build.0 = Debug|Any CPU
		{77CC9E23-ADBC-446E-8622-8DB2204BE19E}.Release|Any CPU.ActiveCfg = Release|Any CPU
		{77CC9E23-ADBC-446E-8622-8DB2204BE19E}.Release|Any CPU.Build.0 = Release|Any CPU
	EndGlobalSection
	GlobalSection(SolutionProperties) = preSolution
		HideSolutionNode = FALSE
	EndGlobalSection
	GlobalSection(ExtensibilityGlobals) = postSolution
		SolutionGuid = {FE018047-513D-4C49-8742-461FD23843AF}
	EndGlobalSection
EndGlobal
